// !$*UTF8*$!
{
	archiveVersion = 1;
	classes = {
	};
	objectVersion = 77;
	objects = {

/* Begin PBXBuildFile section */
		8413EE972F03C512003E083A /* Color.swift in Sources */ = {isa = PBXBuildFile; fileRef = 8413EE912F03C512003E083A /* Color.swift */; };
		8413EE982F03C512003E083A /* ContentView.swift in Sources */ = {isa = PBXBuildFile; fileRef = 8413EE942F03C512003E083A /* ContentView.swift */; };
		8413EE992F03C512003E083A /* CryptoProjectApp.swift in Sources */ = {isa = PBXBuildFile; fileRef = 8413EE952F03C512003E083A /* CryptoProjectApp.swift */; };
		8413EE9A2F03C512003E083A /* Assets.xcassets in Resources */ = {isa = PBXBuildFile; fileRef = 8413EE932F03C512003E083A /* Assets.xcassets */; };
		8413EEA52F03C652003E083A /* CircleButtonView.swift in Sources */ = {isa = PBXBuildFile; fileRef = 8413EEA42F03C652003E083A /* CircleButtonView.swift */; };
		8413EEA72F03C9F4003E083A /* CircleButtonAnimationView.swift in Sources */ = {isa = PBXBuildFile; fileRef = 8413EEA62F03C9F4003E083A /* CircleButtonAnimationView.swift */; };
		8413EEAA2F03CD49003E083A /* CoinModel.swift in Sources */ = {isa = PBXBuildFile; fileRef = 8413EEA92F03CD49003E083A /* CoinModel.swift */; };
		842CAEBF2F0B9AFE0001ECF8 /* PortfolioView.swift in Sources */ = {isa = PBXBuildFile; fileRef = 842CAEBE2F0B9AFE0001ECF8 /* PortfolioView.swift */; };
		842CAEC12F0B9D370001ECF8 /* XMarkButton.swift in Sources */ = {isa = PBXBuildFile; fileRef = 842CAEC02F0B9D370001ECF8 /* XMarkButton.swift */; };
		845E41092F0776EC00FE6F7D /* CoinDataService.swift in Sources */ = {isa = PBXBuildFile; fileRef = 845E41082F0776EC00FE6F7D /* CoinDataService.swift */; };
		848584CC2F0BA12300AB56F3 /* CoinLogoView.swift in Sources */ = {isa = PBXBuildFile; fileRef = 848584CB2F0BA12300AB56F3 /* CoinLogoView.swift */; };
		849463012F0CD30B008AC66D /* PortfolioContainer.xcdatamodeld in Sources */ = {isa = PBXBuildFile; fileRef = 849462FF2F0CD30B008AC66D /* PortfolioContainer.xcdatamodeld */; };
		849463032F0CD3A6008AC66D /* PortfolioDataService.swift in Sources */ = {isa = PBXBuildFile; fileRef = 849463022F0CD3A6008AC66D /* PortfolioDataService.swift */; };
		849463052F0CE9B2008AC66D /* HepticManager.swift in Sources */ = {isa = PBXBuildFile; fileRef = 849463042F0CE9B2008AC66D /* HepticManager.swift */; };
		8499AFA02F09393700DE92EE /* LocalFileManager.swift in Sources */ = {isa = PBXBuildFile; fileRef = 8499AF9F2F09393700DE92EE /* LocalFileManager.swift */; };
		8499AFA22F09400200DE92EE /* SearchBarView.swift in Sources */ = {isa = PBXBuildFile; fileRef = 8499AFA12F09400200DE92EE /* SearchBarView.swift */; };
		8499AFA42F0944E100DE92EE /* UIApplication.swift in Sources */ = {isa = PBXBuildFile; fileRef = 8499AFA32F0944E100DE92EE /* UIApplication.swift */; };
		84C00CBC2F042F6300A815EB /* PreviewProvider.swift in Sources */ = {isa = PBXBuildFile; fileRef = 84C00CBB2F042F6300A815EB /* PreviewProvider.swift */; };
		84C00CBE2F04338800A815EB /* Double.swift in Sources */ = {isa = PBXBuildFile; fileRef = 84C00CBD2F04338800A815EB /* Double.swift */; };
		84EA95E42F0E3643005C3F8B /* DetailView.swift in Sources */ = {isa = PBXBuildFile; fileRef = 84EA95E32F0E3643005C3F8B /* DetailView.swift */; };
		84ECB5612F0A8C9E007A9EFE /* StatisticModel.swift in Sources */ = {isa = PBXBuildFile; fileRef = 84ECB5602F0A8C9E007A9EFE /* StatisticModel.swift */; };
		84ECB5632F0A8DC3007A9EFE /* StatisticView.swift in Sources */ = {isa = PBXBuildFile; fileRef = 84ECB5622F0A8DC3007A9EFE /* StatisticView.swift */; };
		84ECB5652F0A9085007A9EFE /* HomeStatsView.swift in Sources */ = {isa = PBXBuildFile; fileRef = 84ECB5642F0A9085007A9EFE /* HomeStatsView.swift */; };
		84ECB5672F0A9589007A9EFE /* MarketDataModel.swift in Sources */ = {isa = PBXBuildFile; fileRef = 84ECB5662F0A9589007A9EFE /* MarketDataModel.swift */; };
		84ECB5692F0A97D6007A9EFE /* MarketDataService.swift in Sources */ = {isa = PBXBuildFile; fileRef = 84ECB5682F0A97D6007A9EFE /* MarketDataService.swift */; };
		84FEDC032F0902E30053C755 /* HomeViewModel.swift in Sources */ = {isa = PBXBuildFile; fileRef = 84FEDBFD2F0902E30053C755 /* HomeViewModel.swift */; };
		84FEDC042F0902E30053C755 /* CoinRowView.swift in Sources */ = {isa = PBXBuildFile; fileRef = 84FEDBFF2F0902E30053C755 /* CoinRowView.swift */; };
		84FEDC052F0902E30053C755 /* HomeView.swift in Sources */ = {isa = PBXBuildFile; fileRef = 84FEDC002F0902E30053C755 /* HomeView.swift */; };
		84FEDC072F0902F50053C755 /* NetworkingManager.swift in Sources */ = {isa = PBXBuildFile; fileRef = 84FEDC062F0902F50053C755 /* NetworkingManager.swift */; };
		84FEDC122F090A560053C755 /* CoinImageView.swift in Sources */ = {isa = PBXBuildFile; fileRef = 84FEDC112F090A560053C755 /* CoinImageView.swift */; };
		84FEDC142F090BD00053C755 /* CoinImageService.swift in Sources */ = {isa = PBXBuildFile; fileRef = 84FEDC132F090BD00053C755 /* CoinImageService.swift */; };
		84FEDC162F090D560053C755 /* CoinImageViewModel.swift in Sources */ = {isa = PBXBuildFile; fileRef = 84FEDC152F090D560053C755 /* CoinImageViewModel.swift */; };
/* End PBXBuildFile section */

/* Begin PBXFileReference section */
		8413EE7E2F03BEB5003E083A /* CryptoProject.app */ = {isa = PBXFileReference; explicitFileType = wrapper.application; includeInIndex = 0; path = CryptoProject.app; sourceTree = BUILT_PRODUCTS_DIR; };
		8413EE912F03C512003E083A /* Color.swift */ = {isa = PBXFileReference; lastKnownFileType = sourcecode.swift; path = Color.swift; sourceTree = "<group>"; };
		8413EE932F03C512003E083A /* Assets.xcassets */ = {isa = PBXFileReference; lastKnownFileType = folder.assetcatalog; path = Assets.xcassets; sourceTree = "<group>"; };
		8413EE942F03C512003E083A /* ContentView.swift */ = {isa = PBXFileReference; lastKnownFileType = sourcecode.swift; path = ContentView.swift; sourceTree = "<group>"; };
		8413EE952F03C512003E083A /* CryptoProjectApp.swift */ = {isa = PBXFileReference; lastKnownFileType = sourcecode.swift; path = CryptoProjectApp.swift; sourceTree = "<group>"; };
		8413EEA42F03C652003E083A /* CircleButtonView.swift */ = {isa = PBXFileReference; lastKnownFileType = sourcecode.swift; path = CircleButtonView.swift; sourceTree = "<group>"; };
		8413EEA62F03C9F4003E083A /* CircleButtonAnimationView.swift */ = {isa = PBXFileReference; lastKnownFileType = sourcecode.swift; path = CircleButtonAnimationView.swift; sourceTree = "<group>"; };
		8413EEA92F03CD49003E083A /* CoinModel.swift */ = {isa = PBXFileReference; lastKnownFileType = sourcecode.swift; path = CoinModel.swift; sourceTree = "<group>"; };
		842CAEBE2F0B9AFE0001ECF8 /* PortfolioView.swift */ = {isa = PBXFileReference; lastKnownFileType = sourcecode.swift; path = PortfolioView.swift; sourceTree = "<group>"; };
		842CAEC02F0B9D370001ECF8 /* XMarkButton.swift */ = {isa = PBXFileReference; lastKnownFileType = sourcecode.swift; path = XMarkButton.swift; sourceTree = "<group>"; };
		845E41082F0776EC00FE6F7D /* CoinDataService.swift */ = {isa = PBXFileReference; lastKnownFileType = sourcecode.swift; path = CoinDataService.swift; sourceTree = "<group>"; };
		848584CB2F0BA12300AB56F3 /* CoinLogoView.swift */ = {isa = PBXFileReference; lastKnownFileType = sourcecode.swift; path = CoinLogoView.swift; sourceTree = "<group>"; };
		849463002F0CD30B008AC66D /* PortfolioContainer.xcdatamodel */ = {isa = PBXFileReference; lastKnownFileType = wrapper.xcdatamodel; path = PortfolioContainer.xcdatamodel; sourceTree = "<group>"; };
		849463022F0CD3A6008AC66D /* PortfolioDataService.swift */ = {isa = PBXFileReference; lastKnownFileType = sourcecode.swift; path = PortfolioDataService.swift; sourceTree = "<group>"; };
		849463042F0CE9B2008AC66D /* HepticManager.swift */ = {isa = PBXFileReference; lastKnownFileType = sourcecode.swift; path = HepticManager.swift; sourceTree = "<group>"; };
		8499AF9F2F09393700DE92EE /* LocalFileManager.swift */ = {isa = PBXFileReference; lastKnownFileType = sourcecode.swift; path = LocalFileManager.swift; sourceTree = "<group>"; };
		8499AFA12F09400200DE92EE /* SearchBarView.swift */ = {isa = PBXFileReference; lastKnownFileType = sourcecode.swift; path = SearchBarView.swift; sourceTree = "<group>"; };
		8499AFA32F0944E100DE92EE /* UIApplication.swift */ = {isa = PBXFileReference; lastKnownFileType = sourcecode.swift; path = UIApplication.swift; sourceTree = "<group>"; };
		84C00CBB2F042F6300A815EB /* PreviewProvider.swift */ = {isa = PBXFileReference; lastKnownFileType = sourcecode.swift; path = PreviewProvider.swift; sourceTree = "<group>"; };
		84C00CBD2F04338800A815EB /* Double.swift */ = {isa = PBXFileReference; lastKnownFileType = sourcecode.swift; path = Double.swift; sourceTree = "<group>"; };
		84EA95E32F0E3643005C3F8B /* DetailView.swift */ = {isa = PBXFileReference; lastKnownFileType = sourcecode.swift; path = DetailView.swift; sourceTree = "<group>"; };
		84ECB5602F0A8C9E007A9EFE /* StatisticModel.swift */ = {isa = PBXFileReference; lastKnownFileType = sourcecode.swift; path = StatisticModel.swift; sourceTree = "<group>"; };
		84ECB5622F0A8DC3007A9EFE /* StatisticView.swift */ = {isa = PBXFileReference; lastKnownFileType = sourcecode.swift; path = StatisticView.swift; sourceTree = "<group>"; };
		84ECB5642F0A9085007A9EFE /* HomeStatsView.swift */ = {isa = PBXFileReference; lastKnownFileType = sourcecode.swift; path = HomeStatsView.swift; sourceTree = "<group>"; };
		84ECB5662F0A9589007A9EFE /* MarketDataModel.swift */ = {isa = PBXFileReference; lastKnownFileType = sourcecode.swift; path = MarketDataModel.swift; sourceTree = "<group>"; };
		84ECB5682F0A97D6007A9EFE /* MarketDataService.swift */ = {isa = PBXFileReference; lastKnownFileType = sourcecode.swift; path = MarketDataService.swift; sourceTree = "<group>"; };
		84FEDBFD2F0902E30053C755 /* HomeViewModel.swift */ = {isa = PBXFileReference; lastKnownFileType = sourcecode.swift; path = HomeViewModel.swift; sourceTree = "<group>"; };
		84FEDBFF2F0902E30053C755 /* CoinRowView.swift */ = {isa = PBXFileReference; lastKnownFileType = sourcecode.swift; path = CoinRowView.swift; sourceTree = "<group>"; };
		84FEDC002F0902E30053C755 /* HomeView.swift */ = {isa = PBXFileReference; lastKnownFileType = sourcecode.swift; path = HomeView.swift; sourceTree = "<group>"; };
		84FEDC062F0902F50053C755 /* NetworkingManager.swift */ = {isa = PBXFileReference; lastKnownFileType = sourcecode.swift; path = NetworkingManager.swift; sourceTree = "<group>"; };
		84FEDC112F090A560053C755 /* CoinImageView.swift */ = {isa = PBXFileReference; lastKnownFileType = sourcecode.swift; path = CoinImageView.swift; sourceTree = "<group>"; };
		84FEDC132F090BD00053C755 /* CoinImageService.swift */ = {isa = PBXFileReference; lastKnownFileType = sourcecode.swift; path = CoinImageService.swift; sourceTree = "<group>"; };
		84FEDC152F090D560053C755 /* CoinImageViewModel.swift */ = {isa = PBXFileReference; lastKnownFileType = sourcecode.swift; path = CoinImageViewModel.swift; sourceTree = "<group>"; };
/* End PBXFileReference section */

/* Begin PBXFrameworksBuildPhase section */
		8413EE7B2F03BEB5003E083A /* Frameworks */ = {
			isa = PBXFrameworksBuildPhase;
			buildActionMask = 2147483647;
			files = (
			);
			runOnlyForDeploymentPostprocessing = 0;
		};
/* End PBXFrameworksBuildPhase section */

/* Begin PBXGroup section */
		8413EE752F03BEB5003E083A = {
			isa = PBXGroup;
			children = (
				8413EE962F03C512003E083A /* CryptoProject */,
				8413EE7F2F03BEB5003E083A /* Products */,
			);
			sourceTree = "<group>";
		};
		8413EE7F2F03BEB5003E083A /* Products */ = {
			isa = PBXGroup;
			children = (
				8413EE7E2F03BEB5003E083A /* CryptoProject.app */,
			);
			name = Products;
			sourceTree = "<group>";
		};
		8413EE902F03C512003E083A /* Core */ = {
			isa = PBXGroup;
			children = (
				8413EEA22F03C626003E083A /* Components */,
				84FEDC022F0902E30053C755 /* Home */,
				84EA95E22F0E3612005C3F8B /* Detail */,
			);
			path = Core;
			sourceTree = "<group>";
		};
		8413EE922F03C512003E083A /* Extensions */ = {
			isa = PBXGroup;
			children = (
				8413EE912F03C512003E083A /* Color.swift */,
				84C00CBB2F042F6300A815EB /* PreviewProvider.swift */,
				84C00CBD2F04338800A815EB /* Double.swift */,
				8499AFA32F0944E100DE92EE /* UIApplication.swift */,
			);
			path = Extensions;
			sourceTree = "<group>";
		};
		8413EE962F03C512003E083A /* CryptoProject */ = {
			isa = PBXGroup;
			children = (
				84FEDBFC2F0902C50053C755 /* Utilities */,
				8413EE922F03C512003E083A /* Extensions */,
				845E41072F0776B500FE6F7D /* Services */,
				8413EEA82F03CD2B003E083A /* Models */,
				8413EE902F03C512003E083A /* Core */,
				8413EE932F03C512003E083A /* Assets.xcassets */,
				8413EE942F03C512003E083A /* ContentView.swift */,
				8413EE952F03C512003E083A /* CryptoProjectApp.swift */,
			);
			path = CryptoProject;
			sourceTree = "<group>";
		};
		8413EEA22F03C626003E083A /* Components */ = {
			isa = PBXGroup;
			children = (
				84FEDC102F090A480053C755 /* CoinImage */,
				8413EEA32F03C642003E083A /* CircleButton */,
				8499AFA12F09400200DE92EE /* SearchBarView.swift */,
				84ECB5622F0A8DC3007A9EFE /* StatisticView.swift */,
				842CAEC02F0B9D370001ECF8 /* XMarkButton.swift */,
			);
			path = Components;
			sourceTree = "<group>";
		};
		8413EEA32F03C642003E083A /* CircleButton */ = {
			isa = PBXGroup;
			children = (
				8413EEA42F03C652003E083A /* CircleButtonView.swift */,
				8413EEA62F03C9F4003E083A /* CircleButtonAnimationView.swift */,
			);
			path = CircleButton;
			sourceTree = "<group>";
		};
		8413EEA82F03CD2B003E083A /* Models */ = {
			isa = PBXGroup;
			children = (
				8413EEA92F03CD49003E083A /* CoinModel.swift */,
				84ECB5602F0A8C9E007A9EFE /* StatisticModel.swift */,
				84ECB5662F0A9589007A9EFE /* MarketDataModel.swift */,
				849462FF2F0CD30B008AC66D /* PortfolioContainer.xcdatamodeld */,
			);
			path = Models;
			sourceTree = "<group>";
		};
		845E41072F0776B500FE6F7D /* Services */ = {
			isa = PBXGroup;
			children = (
				845E41082F0776EC00FE6F7D /* CoinDataService.swift */,
				84FEDC132F090BD00053C755 /* CoinImageService.swift */,
				84ECB5682F0A97D6007A9EFE /* MarketDataService.swift */,
				849463022F0CD3A6008AC66D /* PortfolioDataService.swift */,
			);
			path = Services;
			sourceTree = "<group>";
		};
		84EA95E02F0E3612005C3F8B /* Views */ = {
			isa = PBXGroup;
			children = (
				84EA95E32F0E3643005C3F8B /* DetailView.swift */,
			);
			path = Views;
			sourceTree = "<group>";
		};
		84EA95E12F0E3612005C3F8B /* ViewModel */ = {
			isa = PBXGroup;
			children = (
			);
			path = ViewModel;
			sourceTree = "<group>";
		};
		84EA95E22F0E3612005C3F8B /* Detail */ = {
			isa = PBXGroup;
			children = (
				84EA95E12F0E3612005C3F8B /* ViewModel */,
				84EA95E02F0E3612005C3F8B /* Views */,
			);
			path = Detail;
			sourceTree = "<group>";
		};
		84FEDBFC2F0902C50053C755 /* Utilities */ = {
			isa = PBXGroup;
			children = (
				84FEDC062F0902F50053C755 /* NetworkingManager.swift */,
				8499AF9F2F09393700DE92EE /* LocalFileManager.swift */,
				849463042F0CE9B2008AC66D /* HepticManager.swift */,
			);
			path = Utilities;
			sourceTree = "<group>";
		};
		84FEDBFE2F0902E30053C755 /* ViewModels */ = {
			isa = PBXGroup;
			children = (
				84FEDBFD2F0902E30053C755 /* HomeViewModel.swift */,
			);
			path = ViewModels;
			sourceTree = "<group>";
		};
		84FEDC012F0902E30053C755 /* Views */ = {
			isa = PBXGroup;
			children = (
				84FEDBFF2F0902E30053C755 /* CoinRowView.swift */,
				84ECB5642F0A9085007A9EFE /* HomeStatsView.swift */,
				842CAEBE2F0B9AFE0001ECF8 /* PortfolioView.swift */,
				84FEDC002F0902E30053C755 /* HomeView.swift */,
			);
			path = Views;
			sourceTree = "<group>";
		};
		84FEDC022F0902E30053C755 /* Home */ = {
			isa = PBXGroup;
			children = (
				84FEDBFE2F0902E30053C755 /* ViewModels */,
				84FEDC012F0902E30053C755 /* Views */,
			);
			path = Home;
			sourceTree = "<group>";
		};
		84FEDC102F090A480053C755 /* CoinImage */ = {
			isa = PBXGroup;
			children = (
				84FEDC112F090A560053C755 /* CoinImageView.swift */,
				84FEDC152F090D560053C755 /* CoinImageViewModel.swift */,
				848584CB2F0BA12300AB56F3 /* CoinLogoView.swift */,
			);
			path = CoinImage;
			sourceTree = "<group>";
		};
/* End PBXGroup section */

/* Begin PBXNativeTarget section */
		8413EE7D2F03BEB5003E083A /* CryptoProject */ = {
			isa = PBXNativeTarget;
			buildConfigurationList = 8413EE892F03BEB7003E083A /* Build configuration list for PBXNativeTarget "CryptoProject" */;
			buildPhases = (
				8413EE7A2F03BEB5003E083A /* Sources */,
				8413EE7B2F03BEB5003E083A /* Frameworks */,
				8413EE7C2F03BEB5003E083A /* Resources */,
			);
			buildRules = (
			);
			dependencies = (
			);
			name = CryptoProject;
			packageProductDependencies = (
			);
			productName = CryptoProject;
			productReference = 8413EE7E2F03BEB5003E083A /* CryptoProject.app */;
			productType = "com.apple.product-type.application";
		};
/* End PBXNativeTarget section */

/* Begin PBXProject section */
		8413EE762F03BEB5003E083A /* Project object */ = {
			isa = PBXProject;
			attributes = {
				BuildIndependentTargetsInParallel = 1;
				LastSwiftUpdateCheck = 1640;
				LastUpgradeCheck = 1640;
				TargetAttributes = {
					8413EE7D2F03BEB5003E083A = {
						CreatedOnToolsVersion = 16.4;
					};
				};
			};
			buildConfigurationList = 8413EE792F03BEB5003E083A /* Build configuration list for PBXProject "CryptoProject" */;
			developmentRegion = en;
			hasScannedForEncodings = 0;
			knownRegions = (
				en,
				Base,
			);
			mainGroup = 8413EE752F03BEB5003E083A;
			minimizedProjectReferenceProxies = 1;
			preferredProjectObjectVersion = 77;
			productRefGroup = 8413EE7F2F03BEB5003E083A /* Products */;
			projectDirPath = "";
			projectRoot = "";
			targets = (
				8413EE7D2F03BEB5003E083A /* CryptoProject */,
			);
		};
/* End PBXProject section */

/* Begin PBXResourcesBuildPhase section */
		8413EE7C2F03BEB5003E083A /* Resources */ = {
			isa = PBXResourcesBuildPhase;
			buildActionMask = 2147483647;
			files = (
				8413EE9A2F03C512003E083A /* Assets.xcassets in Resources */,
			);
			runOnlyForDeploymentPostprocessing = 0;
		};
/* End PBXResourcesBuildPhase section */

/* Begin PBXSourcesBuildPhase section */
		8413EE7A2F03BEB5003E083A /* Sources */ = {
			isa = PBXSourcesBuildPhase;
			buildActionMask = 2147483647;
			files = (
				849463012F0CD30B008AC66D /* PortfolioContainer.xcdatamodeld in Sources */,
				84ECB5612F0A8C9E007A9EFE /* StatisticModel.swift in Sources */,
				8413EE972F03C512003E083A /* Color.swift in Sources */,
				8413EE982F03C512003E083A /* ContentView.swift in Sources */,
				842CAEC12F0B9D370001ECF8 /* XMarkButton.swift in Sources */,
				8413EEA52F03C652003E083A /* CircleButtonView.swift in Sources */,
				8413EE992F03C512003E083A /* CryptoProjectApp.swift in Sources */,
				8499AFA02F09393700DE92EE /* LocalFileManager.swift in Sources */,
				849463052F0CE9B2008AC66D /* HepticManager.swift in Sources */,
				84ECB5672F0A9589007A9EFE /* MarketDataModel.swift in Sources */,
				84FEDC032F0902E30053C755 /* HomeViewModel.swift in Sources */,
				84ECB5632F0A8DC3007A9EFE /* StatisticView.swift in Sources */,
				84FEDC122F090A560053C755 /* CoinImageView.swift in Sources */,
				84FEDC042F0902E30053C755 /* CoinRowView.swift in Sources */,
				8499AFA42F0944E100DE92EE /* UIApplication.swift in Sources */,
				84FEDC052F0902E30053C755 /* HomeView.swift in Sources */,
				84EA95E42F0E3643005C3F8B /* DetailView.swift in Sources */,
				845E41092F0776EC00FE6F7D /* CoinDataService.swift in Sources */,
				8499AFA22F09400200DE92EE /* SearchBarView.swift in Sources */,
				84FEDC072F0902F50053C755 /* NetworkingManager.swift in Sources */,
				848584CC2F0BA12300AB56F3 /* CoinLogoView.swift in Sources */,
				84ECB5652F0A9085007A9EFE /* HomeStatsView.swift in Sources */,
				84ECB5692F0A97D6007A9EFE /* MarketDataService.swift in Sources */,
				8413EEA72F03C9F4003E083A /* CircleButtonAnimationView.swift in Sources */,
				84FEDC162F090D560053C755 /* CoinImageViewModel.swift in Sources */,
				84C00CBC2F042F6300A815EB /* PreviewProvider.swift in Sources */,
				842CAEBF2F0B9AFE0001ECF8 /* PortfolioView.swift in Sources */,
				84C00CBE2F04338800A815EB /* Double.swift in Sources */,
				84FEDC142F090BD00053C755 /* CoinImageService.swift in Sources */,
				8413EEAA2F03CD49003E083A /* CoinModel.swift in Sources */,
				849463032F0CD3A6008AC66D /* PortfolioDataService.swift in Sources */,
			);
			runOnlyForDeploymentPostprocessing = 0;
		};
/* End PBXSourcesBuildPhase section */

/* Begin XCBuildConfiguration section */
		8413EE872F03BEB7003E083A /* Debug */ = {
			isa = XCBuildConfiguration;
			buildSettings = {
				ALWAYS_SEARCH_USER_PATHS = NO;
				ASSETCATALOG_COMPILER_GENERATE_SWIFT_ASSET_SYMBOL_EXTENSIONS = YES;
				CLANG_ANALYZER_NONNULL = YES;
				CLANG_ANALYZER_NUMBER_OBJECT_CONVERSION = YES_AGGRESSIVE;
				CLANG_CXX_LANGUAGE_STANDARD = "gnu++20";
				CLANG_ENABLE_MODULES = YES;
				CLANG_ENABLE_OBJC_ARC = YES;
				CLANG_ENABLE_OBJC_WEAK = YES;
				CLANG_WARN_BLOCK_CAPTURE_AUTORELEASING = YES;
				CLANG_WARN_BOOL_CONVERSION = YES;
				CLANG_WARN_COMMA = YES;
				CLANG_WARN_CONSTANT_CONVERSION = YES;
				CLANG_WARN_DEPRECATED_OBJC_IMPLEMENTATIONS = YES;
				CLANG_WARN_DIRECT_OBJC_ISA_USAGE = YES_ERROR;
				CLANG_WARN_DOCUMENTATION_COMMENTS = YES;
				CLANG_WARN_EMPTY_BODY = YES;
				CLANG_WARN_ENUM_CONVERSION = YES;
				CLANG_WARN_INFINITE_RECURSION = YES;
				CLANG_WARN_INT_CONVERSION = YES;
				CLANG_WARN_NON_LITERAL_NULL_CONVERSION = YES;
				CLANG_WARN_OBJC_IMPLICIT_RETAIN_SELF = YES;
				CLANG_WARN_OBJC_LITERAL_CONVERSION = YES;
				CLANG_WARN_OBJC_ROOT_CLASS = YES_ERROR;
				CLANG_WARN_QUOTED_INCLUDE_IN_FRAMEWORK_HEADER = YES;
				CLANG_WARN_RANGE_LOOP_ANALYSIS = YES;
				CLANG_WARN_STRICT_PROTOTYPES = YES;
				CLANG_WARN_SUSPICIOUS_MOVE = YES;
				CLANG_WARN_UNGUARDED_AVAILABILITY = YES_AGGRESSIVE;
				CLANG_WARN_UNREACHABLE_CODE = YES;
				CLANG_WARN__DUPLICATE_METHOD_MATCH = YES;
				COPY_PHASE_STRIP = NO;
				DEBUG_INFORMATION_FORMAT = dwarf;
				DEVELOPMENT_TEAM = V65FFL4V3Y;
				ENABLE_STRICT_OBJC_MSGSEND = YES;
				ENABLE_TESTABILITY = YES;
				ENABLE_USER_SCRIPT_SANDBOXING = YES;
				GCC_C_LANGUAGE_STANDARD = gnu17;
				GCC_DYNAMIC_NO_PIC = NO;
				GCC_NO_COMMON_BLOCKS = YES;
				GCC_OPTIMIZATION_LEVEL = 0;
				GCC_PREPROCESSOR_DEFINITIONS = (
					"DEBUG=1",
					"$(inherited)",
				);
				GCC_WARN_64_TO_32_BIT_CONVERSION = YES;
				GCC_WARN_ABOUT_RETURN_TYPE = YES_ERROR;
				GCC_WARN_UNDECLARED_SELECTOR = YES;
				GCC_WARN_UNINITIALIZED_AUTOS = YES_AGGRESSIVE;
				GCC_WARN_UNUSED_FUNCTION = YES;
				GCC_WARN_UNUSED_VARIABLE = YES;
				IPHONEOS_DEPLOYMENT_TARGET = 18.5;
				LOCALIZATION_PREFERS_STRING_CATALOGS = YES;
				MTL_ENABLE_DEBUG_INFO = INCLUDE_SOURCE;
				MTL_FAST_MATH = YES;
				ONLY_ACTIVE_ARCH = YES;
				SDKROOT = iphoneos;
				SWIFT_ACTIVE_COMPILATION_CONDITIONS = "DEBUG $(inherited)";
				SWIFT_OPTIMIZATION_LEVEL = "-Onone";
			};
			name = Debug;
		};
		8413EE882F03BEB7003E083A /* Release */ = {
			isa = XCBuildConfiguration;
			buildSettings = {
				ALWAYS_SEARCH_USER_PATHS = NO;
				ASSETCATALOG_COMPILER_GENERATE_SWIFT_ASSET_SYMBOL_EXTENSIONS = YES;
				CLANG_ANALYZER_NONNULL = YES;
				CLANG_ANALYZER_NUMBER_OBJECT_CONVERSION = YES_AGGRESSIVE;
				CLANG_CXX_LANGUAGE_STANDARD = "gnu++20";
				CLANG_ENABLE_MODULES = YES;
				CLANG_ENABLE_OBJC_ARC = YES;
				CLANG_ENABLE_OBJC_WEAK = YES;
				CLANG_WARN_BLOCK_CAPTURE_AUTORELEASING = YES;
				CLANG_WARN_BOOL_CONVERSION = YES;
				CLANG_WARN_COMMA = YES;
				CLANG_WARN_CONSTANT_CONVERSION = YES;
				CLANG_WARN_DEPRECATED_OBJC_IMPLEMENTATIONS = YES;
				CLANG_WARN_DIRECT_OBJC_ISA_USAGE = YES_ERROR;
				CLANG_WARN_DOCUMENTATION_COMMENTS = YES;
				CLANG_WARN_EMPTY_BODY = YES;
				CLANG_WARN_ENUM_CONVERSION = YES;
				CLANG_WARN_INFINITE_RECURSION = YES;
				CLANG_WARN_INT_CONVERSION = YES;
				CLANG_WARN_NON_LITERAL_NULL_CONVERSION = YES;
				CLANG_WARN_OBJC_IMPLICIT_RETAIN_SELF = YES;
				CLANG_WARN_OBJC_LITERAL_CONVERSION = YES;
				CLANG_WARN_OBJC_ROOT_CLASS = YES_ERROR;
				CLANG_WARN_QUOTED_INCLUDE_IN_FRAMEWORK_HEADER = YES;
				CLANG_WARN_RANGE_LOOP_ANALYSIS = YES;
				CLANG_WARN_STRICT_PROTOTYPES = YES;
				CLANG_WARN_SUSPICIOUS_MOVE = YES;
				CLANG_WARN_UNGUARDED_AVAILABILITY = YES_AGGRESSIVE;
				CLANG_WARN_UNREACHABLE_CODE = YES;
				CLANG_WARN__DUPLICATE_METHOD_MATCH = YES;
				COPY_PHASE_STRIP = NO;
				DEBUG_INFORMATION_FORMAT = "dwarf-with-dsym";
				DEVELOPMENT_TEAM = V65FFL4V3Y;
				ENABLE_NS_ASSERTIONS = NO;
				ENABLE_STRICT_OBJC_MSGSEND = YES;
				ENABLE_USER_SCRIPT_SANDBOXING = YES;
				GCC_C_LANGUAGE_STANDARD = gnu17;
				GCC_NO_COMMON_BLOCKS = YES;
				GCC_WARN_64_TO_32_BIT_CONVERSION = YES;
				GCC_WARN_ABOUT_RETURN_TYPE = YES_ERROR;
				GCC_WARN_UNDECLARED_SELECTOR = YES;
				GCC_WARN_UNINITIALIZED_AUTOS = YES_AGGRESSIVE;
				GCC_WARN_UNUSED_FUNCTION = YES;
				GCC_WARN_UNUSED_VARIABLE = YES;
				IPHONEOS_DEPLOYMENT_TARGET = 18.5;
				LOCALIZATION_PREFERS_STRING_CATALOGS = YES;
				MTL_ENABLE_DEBUG_INFO = NO;
				MTL_FAST_MATH = YES;
				SDKROOT = iphoneos;
				SWIFT_COMPILATION_MODE = wholemodule;
				VALIDATE_PRODUCT = YES;
			};
			name = Release;
		};
		8413EE8A2F03BEB7003E083A /* Debug */ = {
			isa = XCBuildConfiguration;
			buildSettings = {
				ASSETCATALOG_COMPILER_APPICON_NAME = AppIcon;
				ASSETCATALOG_COMPILER_GLOBAL_ACCENT_COLOR_NAME = AccentColor;
				CODE_SIGN_STYLE = Automatic;
				CURRENT_PROJECT_VERSION = 1;
				DEVELOPMENT_TEAM = V65FFL4V3Y;
				ENABLE_PREVIEWS = YES;
				GENERATE_INFOPLIST_FILE = YES;
				INFOPLIST_KEY_CFBundleDisplayName = "My Crypto";
				INFOPLIST_KEY_UIApplicationSceneManifest_Generation = YES;
				INFOPLIST_KEY_UIApplicationSupportsIndirectInputEvents = YES;
				INFOPLIST_KEY_UILaunchScreen_Generation = YES;
				INFOPLIST_KEY_UISupportedInterfaceOrientations = UIInterfaceOrientationPortrait;
				IPHONEOS_DEPLOYMENT_TARGET = 17;
				LD_RUNPATH_SEARCH_PATHS = (
					"$(inherited)",
					"@executable_path/Frameworks",
				);
				MARKETING_VERSION = 1.0;
				PRODUCT_BUNDLE_IDENTIFIER = com.ilya.anufriev.CryptoProject;
				PRODUCT_NAME = "$(TARGET_NAME)";
				SWIFT_EMIT_LOC_STRINGS = YES;
				SWIFT_VERSION = 5.0;
				TARGETED_DEVICE_FAMILY = "1,2";
			};
			name = Debug;
		};
		8413EE8B2F03BEB7003E083A /* Release */ = {
			isa = XCBuildConfiguration;
			buildSettings = {
				ASSETCATALOG_COMPILER_APPICON_NAME = AppIcon;
				ASSETCATALOG_COMPILER_GLOBAL_ACCENT_COLOR_NAME = AccentColor;
				CODE_SIGN_STYLE = Automatic;
				CURRENT_PROJECT_VERSION = 1;
				DEVELOPMENT_TEAM = V65FFL4V3Y;
				ENABLE_PREVIEWS = YES;
				GENERATE_INFOPLIST_FILE = YES;
				INFOPLIST_KEY_CFBundleDisplayName = "My Crypto";
				INFOPLIST_KEY_UIApplicationSceneManifest_Generation = YES;
				INFOPLIST_KEY_UIApplicationSupportsIndirectInputEvents = YES;
				INFOPLIST_KEY_UILaunchScreen_Generation = YES;
				INFOPLIST_KEY_UISupportedInterfaceOrientations = UIInterfaceOrientationPortrait;
				IPHONEOS_DEPLOYMENT_TARGET = 17;
				LD_RUNPATH_SEARCH_PATHS = (
					"$(inherited)",
					"@executable_path/Frameworks",
				);
				MARKETING_VERSION = 1.0;
				PRODUCT_BUNDLE_IDENTIFIER = com.ilya.anufriev.CryptoProject;
				PRODUCT_NAME = "$(TARGET_NAME)";
				SWIFT_EMIT_LOC_STRINGS = YES;
				SWIFT_VERSION = 5.0;
				TARGETED_DEVICE_FAMILY = "1,2";
			};
			name = Release;
		};
/* End XCBuildConfiguration section */

/* Begin XCConfigurationList section */
		8413EE792F03BEB5003E083A /* Build configuration list for PBXProject "CryptoProject" */ = {
			isa = XCConfigurationList;
			buildConfigurations = (
				8413EE872F03BEB7003E083A /* Debug */,
				8413EE882F03BEB7003E083A /* Release */,
			);
			defaultConfigurationIsVisible = 0;
			defaultConfigurationName = Release;
		};
		8413EE892F03BEB7003E083A /* Build configuration list for PBXNativeTarget "CryptoProject" */ = {
			isa = XCConfigurationList;
			buildConfigurations = (
				8413EE8A2F03BEB7003E083A /* Debug */,
				8413EE8B2F03BEB7003E083A /* Release */,
			);
			defaultConfigurationIsVisible = 0;
			defaultConfigurationName = Release;
		};
/* End XCConfigurationList section */

/* Begin XCVersionGroup section */
		849462FF2F0CD30B008AC66D /* PortfolioContainer.xcdatamodeld */ = {
			isa = XCVersionGroup;
			children = (
				849463002F0CD30B008AC66D /* PortfolioContainer.xcdatamodel */,
			);
			currentVersion = 849463002F0CD30B008AC66D /* PortfolioContainer.xcdatamodel */;
			path = PortfolioContainer.xcdatamodeld;
			sourceTree = "<group>";
			versionGroupType = wrapper.xcdatamodel;
		};
/* End XCVersionGroup section */
	};
	rootObject = 8413EE762F03BEB5003E083A /* Project object */;
}
